
Microsoft Visual Studio Solution File, Format Version 12.00
# Visual Studio Version 17
VisualStudioVersion = 17.0.31903.59
MinimumVisualStudioVersion = 10.0.40219.1
Project("{2150E333-8FDC-42A3-9474-1A3956D46DE8}") = "src", "src", "{827E0CD3-B72D-47B6-A68D-7590B98EB39B}"
EndProject
Project("{2150E333-8FDC-42A3-9474-1A3956D46DE8}") = "Shared", "Shared", "{C8E42992-5E42-0C2B-DBFE-AA848D06431C}"
EndProject
Project("{FAE04EC0-301F-11D3-BF4B-00C04F79EFBC}") = "DiscountManager.Shared.SharedKernel", "src\Shared\DiscountManager.Shared.SharedKernel\DiscountManager.Shared.SharedKernel.csproj", "{79D72408-003F-4D41-A3D8-7625DEBCE42D}"
EndProject
Project("{2150E333-8FDC-42A3-9474-1A3956D46DE8}") = "Bootstrapper", "Bootstrapper", "{A42421DF-83F2-EC56-5368-8ED134CB703A}"
EndProject
Project("{FAE04EC0-301F-11D3-BF4B-00C04F79EFBC}") = "DiscountManager.Bootstrapper", "src\Bootstrapper\DiscountManager.Bootstrapper\DiscountManager.Bootstrapper.csproj", "{45C7E923-D0E2-4B01-A1BA-0EA92F5C6D08}"
EndProject
Project("{2150E333-8FDC-42A3-9474-1A3956D46DE8}") = "Modules", "Modules", "{EC447DCF-ABFA-6E24-52A5-D7FD48A5C558}"
EndProject
Project("{FAE04EC0-301F-11D3-BF4B-00C04F79EFBC}") = "DiscountManager.Modules.Catalog", "src\Modules\DiscountManager.Modules.Catalog\DiscountManager.Modules.Catalog.csproj", "{4597C882-E398-4F07-A3B0-9479769B18C6}"
EndProject
Project("{FAE04EC0-301F-11D3-BF4B-00C04F79EFBC}") = "DiscountManager.Modules.Shops", "src\Modules\DiscountManager.Modules.Shops\DiscountManager.Modules.Shops.csproj", "{B1B8C20E-948C-4A34-BF85-BD50AA6D9697}"
EndProject
Project("{FAE04EC0-301F-11D3-BF4B-00C04F79EFBC}") = "DiscountManager.Modules.Discount", "src\Modules\DiscountManager.Modules.Discount\DiscountManager.Modules.Discount.csproj", "{C6403A89-1BDC-4B40-AECF-098B6DE75C50}"
EndProject
Project("{FAE04EC0-301F-11D3-BF4B-00C04F79EFBC}") = "DiscountManager.Modules.Inventory", "src\Modules\DiscountManager.Modules.Inventory\DiscountManager.Modules.Inventory.csproj", "{ECBF6906-1AAD-46FA-8705-808AB026C525}"
EndProject
Project("{FAE04EC0-301F-11D3-BF4B-00C04F79EFBC}") = "DiscountManager.Modules.Basket", "src\Modules\DiscountManager.Modules.Basket\DiscountManager.Modules.Basket.csproj", "{64C16C52-6927-47E0-8FAA-B6FAF058FA9B}"
EndProject
Project("{FAE04EC0-301F-11D3-BF4B-00C04F79EFBC}") = "DiscountManager.Modules.Ordering", "src\Modules\DiscountManager.Modules.Ordering\DiscountManager.Modules.Ordering.csproj", "{9AFD6091-FBBA-461D-82AC-D179653DBDAE}"
EndProject
Project("{FAE04EC0-301F-11D3-BF4B-00C04F79EFBC}") = "DiscountManager.Modules.Storage", "src\Modules\DiscountManager.Modules.Storage\DiscountManager.Modules.Storage.csproj", "{B8E6BA77-56C1-4640-9910-90521FF29837}"
EndProject
Project("{FAE04EC0-301F-11D3-BF4B-00C04F79EFBC}") = "DiscountManager.Modules.Search", "src\Modules\DiscountManager.Modules.Search\DiscountManager.Modules.Search.csproj", "{04F8C1B5-6558-4081-8F43-A91C908FC1FD}"
EndProject
Project("{FAE04EC0-301F-11D3-BF4B-00C04F79EFBC}") = "DiscountManager.Modules.Payment", "src\Modules\DiscountManager.Modules.Payment\DiscountManager.Modules.Payment.csproj", "{866A0794-9FE5-416F-889F-3EFE00B5E9D9}"
EndProject
Global
	GlobalSection(SolutionConfigurationPlatforms) = preSolution
		Debug|Any CPU = Debug|Any CPU
		Debug|x64 = Debug|x64
		Debug|x86 = Debug|x86
		Release|Any CPU = Release|Any CPU
		Release|x64 = Release|x64
		Release|x86 = Release|x86
	EndGlobalSection
	GlobalSection(ProjectConfigurationPlatforms) = postSolution
		{79D72408-003F-4D41-A3D8-7625DEBCE42D}.Debug|Any CPU.ActiveCfg = Debug|Any CPU
		{79D72408-003F-4D41-A3D8-7625DEBCE42D}.Debug|Any CPU.Build.0 = Debug|Any CPU
		{79D72408-003F-4D41-A3D8-7625DEBCE42D}.Debug|x64.ActiveCfg = Debug|Any CPU
		{79D72408-003F-4D41-A3D8-7625DEBCE42D}.Debug|x64.Build.0 = Debug|Any CPU
		{79D72408-003F-4D41-A3D8-7625DEBCE42D}.Debug|x86.ActiveCfg = Debug|Any CPU
		{79D72408-003F-4D41-A3D8-7625DEBCE42D}.Debug|x86.Build.0 = Debug|Any CPU
		{79D72408-003F-4D41-A3D8-7625DEBCE42D}.Release|Any CPU.ActiveCfg = Release|Any CPU
		{79D72408-003F-4D41-A3D8-7625DEBCE42D}.Release|Any CPU.Build.0 = Release|Any CPU
		{79D72408-003F-4D41-A3D8-7625DEBCE42D}.Release|x64.ActiveCfg = Release|Any CPU
		{79D72408-003F-4D41-A3D8-7625DEBCE42D}.Release|x64.Build.0 = Release|Any CPU
		{79D72408-003F-4D41-A3D8-7625DEBCE42D}.Release|x86.ActiveCfg = Release|Any CPU
		{79D72408-003F-4D41-A3D8-7625DEBCE42D}.Release|x86.Build.0 = Release|Any CPU
		{45C7E923-D0E2-4B01-A1BA-0EA92F5C6D08}.Debug|Any CPU.ActiveCfg = Debug|Any CPU
		{45C7E923-D0E2-4B01-A1BA-0EA92F5C6D08}.Debug|Any CPU.Build.0 = Debug|Any CPU
		{45C7E923-D0E2-4B01-A1BA-0EA92F5C6D08}.Debug|x64.ActiveCfg = Debug|Any CPU
		{45C7E923-D0E2-4B01-A1BA-0EA92F5C6D08}.Debug|x64.Build.0 = Debug|Any CPU
		{45C7E923-D0E2-4B01-A1BA-0EA92F5C6D08}.Debug|x86.ActiveCfg = Debug|Any CPU
		{45C7E923-D0E2-4B01-A1BA-0EA92F5C6D08}.Debug|x86.Build.0 = Debug|Any CPU
		{45C7E923-D0E2-4B01-A1BA-0EA92F5C6D08}.Release|Any CPU.ActiveCfg = Release|Any CPU
		{45C7E923-D0E2-4B01-A1BA-0EA92F5C6D08}.Release|Any CPU.Build.0 = Release|Any CPU
		{45C7E923-D0E2-4B01-A1BA-0EA92F5C6D08}.Release|x64.ActiveCfg = Release|Any CPU
		{45C7E923-D0E2-4B01-A1BA-0EA92F5C6D08}.Release|x64.Build.0 = Release|Any CPU
		{45C7E923-D0E2-4B01-A1BA-0EA92F5C6D08}.Release|x86.ActiveCfg = Release|Any CPU
		{45C7E923-D0E2-4B01-A1BA-0EA92F5C6D08}.Release|x86.Build.0 = Release|Any CPU
		{4597C882-E398-4F07-A3B0-9479769B18C6}.Debug|Any CPU.ActiveCfg = Debug|Any CPU
		{4597C882-E398-4F07-A3B0-9479769B18C6}.Debug|Any CPU.Build.0 = Debug|Any CPU
		{4597C882-E398-4F07-A3B0-9479769B18C6}.Debug|x64.ActiveCfg = Debug|Any CPU
		{4597C882-E398-4F07-A3B0-9479769B18C6}.Debug|x64.Build.0 = Debug|Any CPU
		{4597C882-E398-4F07-A3B0-9479769B18C6}.Debug|x86.ActiveCfg = Debug|Any CPU
		{4597C882-E398-4F07-A3B0-9479769B18C6}.Debug|x86.Build.0 = Debug|Any CPU
		{4597C882-E398-4F07-A3B0-9479769B18C6}.Release|Any CPU.ActiveCfg = Release|Any CPU
		{4597C882-E398-4F07-A3B0-9479769B18C6}.Release|Any CPU.Build.0 = Release|Any CPU
		{4597C882-E398-4F07-A3B0-9479769B18C6}.Release|x64.ActiveCfg = Release|Any CPU
		{4597C882-E398-4F07-A3B0-9479769B18C6}.Release|x64.Build.0 = Release|Any CPU
		{4597C882-E398-4F07-A3B0-9479769B18C6}.Release|x86.ActiveCfg = Release|Any CPU
		{4597C882-E398-4F07-A3B0-9479769B18C6}.Release|x86.Build.0 = Release|Any CPU
		{B1B8C20E-948C-4A34-BF85-BD50AA6D9697}.Debug|Any CPU.ActiveCfg = Debug|Any CPU
		{B1B8C20E-948C-4A34-BF85-BD50AA6D9697}.Debug|Any CPU.Build.0 = Debug|Any CPU
		{B1B8C20E-948C-4A34-BF85-BD50AA6D9697}.Debug|x64.ActiveCfg = Debug|Any CPU
		{B1B8C20E-948C-4A34-BF85-BD50AA6D9697}.Debug|x64.Build.0 = Debug|Any CPU
		{B1B8C20E-948C-4A34-BF85-BD50AA6D9697}.Debug|x86.ActiveCfg = Debug|Any CPU
		{B1B8C20E-948C-4A34-BF85-BD50AA6D9697}.Debug|x86.Build.0 = Debug|Any CPU
		{B1B8C20E-948C-4A34-BF85-BD50AA6D9697}.Release|Any CPU.ActiveCfg = Release|Any CPU
		{B1B8C20E-948C-4A34-BF85-BD50AA6D9697}.Release|Any CPU.Build.0 = Release|Any CPU
		{B1B8C20E-948C-4A34-BF85-BD50AA6D9697}.Release|x64.ActiveCfg = Release|Any CPU
		{B1B8C20E-948C-4A34-BF85-BD50AA6D9697}.Release|x64.Build.0 = Release|Any CPU
		{B1B8C20E-948C-4A34-BF85-BD50AA6D9697}.Release|x86.ActiveCfg = Release|Any CPU
		{B1B8C20E-948C-4A34-BF85-BD50AA6D9697}.Release|x86.Build.0 = Release|Any CPU
		{C6403A89-1BDC-4B40-AECF-098B6DE75C50}.Debug|Any CPU.ActiveCfg = Debug|Any CPU
		{C6403A89-1BDC-4B40-AECF-098B6DE75C50}.Debug|Any CPU.Build.0 = Debug|Any CPU
		{C6403A89-1BDC-4B40-AECF-098B6DE75C50}.Debug|x64.ActiveCfg = Debug|Any CPU
		{C6403A89-1BDC-4B40-AECF-098B6DE75C50}.Debug|x64.Build.0 = Debug|Any CPU
		{C6403A89-1BDC-4B40-AECF-098B6DE75C50}.Debug|x86.ActiveCfg = Debug|Any CPU
		{C6403A89-1BDC-4B40-AECF-098B6DE75C50}.Debug|x86.Build.0 = Debug|Any CPU
		{C6403A89-1BDC-4B40-AECF-098B6DE75C50}.Release|Any CPU.ActiveCfg = Release|Any CPU
		{C6403A89-1BDC-4B40-AECF-098B6DE75C50}.Release|Any CPU.Build.0 = Release|Any CPU
		{C6403A89-1BDC-4B40-AECF-098B6DE75C50}.Release|x64.ActiveCfg = Release|Any CPU
		{C6403A89-1BDC-4B40-AECF-098B6DE75C50}.Release|x64.Build.0 = Release|Any CPU
		{C6403A89-1BDC-4B40-AECF-098B6DE75C50}.Release|x86.ActiveCfg = Release|Any CPU
		{C6403A89-1BDC-4B40-AECF-098B6DE75C50}.Release|x86.Build.0 = Release|Any CPU
		{ECBF6906-1AAD-46FA-8705-808AB026C525}.Debug|Any CPU.ActiveCfg = Debug|Any CPU
		{ECBF6906-1AAD-46FA-8705-808AB026C525}.Debug|Any CPU.Build.0 = Debug|Any CPU
		{ECBF6906-1AAD-46FA-8705-808AB026C525}.Debug|x64.ActiveCfg = Debug|Any CPU
		{ECBF6906-1AAD-46FA-8705-808AB026C525}.Debug|x64.Build.0 = Debug|Any CPU
		{ECBF6906-1AAD-46FA-8705-808AB026C525}.Debug|x86.ActiveCfg = Debug|Any CPU
		{ECBF6906-1AAD-46FA-8705-808AB026C525}.Debug|x86.Build.0 = Debug|Any CPU
		{ECBF6906-1AAD-46FA-8705-808AB026C525}.Release|Any CPU.ActiveCfg = Release|Any CPU
		{ECBF6906-1AAD-46FA-8705-808AB026C525}.Release|Any CPU.Build.0 = Release|Any CPU
		{ECBF6906-1AAD-46FA-8705-808AB026C525}.Release|x64.ActiveCfg = Release|Any CPU
		{ECBF6906-1AAD-46FA-8705-808AB026C525}.Release|x64.Build.0 = Release|Any CPU
		{ECBF6906-1AAD-46FA-8705-808AB026C525}.Release|x86.ActiveCfg = Release|Any CPU
		{ECBF6906-1AAD-46FA-8705-808AB026C525}.Release|x86.Build.0 = Release|Any CPU
		{64C16C52-6927-47E0-8FAA-B6FAF058FA9B}.Debug|Any CPU.ActiveCfg = Debug|Any CPU
		{64C16C52-6927-47E0-8FAA-B6FAF058FA9B}.Debug|Any CPU.Build.0 = Debug|Any CPU
		{64C16C52-6927-47E0-8FAA-B6FAF058FA9B}.Debug|x64.ActiveCfg = Debug|Any CPU
		{64C16C52-6927-47E0-8FAA-B6FAF058FA9B}.Debug|x64.Build.0 = Debug|Any CPU
		{64C16C52-6927-47E0-8FAA-B6FAF058FA9B}.Debug|x86.ActiveCfg = Debug|Any CPU
		{64C16C52-6927-47E0-8FAA-B6FAF058FA9B}.Debug|x86.Build.0 = Debug|Any CPU
		{64C16C52-6927-47E0-8FAA-B6FAF058FA9B}.Release|Any CPU.ActiveCfg = Release|Any CPU
		{64C16C52-6927-47E0-8FAA-B6FAF058FA9B}.Release|Any CPU.Build.0 = Release|Any CPU
		{64C16C52-6927-47E0-8FAA-B6FAF058FA9B}.Release|x64.ActiveCfg = Release|Any CPU
		{64C16C52-6927-47E0-8FAA-B6FAF058FA9B}.Release|x64.Build.0 = Release|Any CPU
		{64C16C52-6927-47E0-8FAA-B6FAF058FA9B}.Release|x86.ActiveCfg = Release|Any CPU
		{64C16C52-6927-47E0-8FAA-B6FAF058FA9B}.Release|x86.Build.0 = Release|Any CPU
		{9AFD6091-FBBA-461D-82AC-D179653DBDAE}.Debug|Any CPU.ActiveCfg = Debug|Any CPU
		{9AFD6091-FBBA-461D-82AC-D179653DBDAE}.Debug|Any CPU.Build.0 = Debug|Any CPU
		{9AFD6091-FBBA-461D-82AC-D179653DBDAE}.Debug|x64.ActiveCfg = Debug|Any CPU
		{9AFD6091-FBBA-461D-82AC-D179653DBDAE}.Debug|x64.Build.0 = Debug|Any CPU
		{9AFD6091-FBBA-461D-82AC-D179653DBDAE}.Debug|x86.ActiveCfg = Debug|Any CPU
		{9AFD6091-FBBA-461D-82AC-D179653DBDAE}.Debug|x86.Build.0 = Debug|Any CPU
		{9AFD6091-FBBA-461D-82AC-D179653DBDAE}.Release|Any CPU.ActiveCfg = Release|Any CPU
		{9AFD6091-FBBA-461D-82AC-D179653DBDAE}.Release|Any CPU.Build.0 = Release|Any CPU
		{9AFD6091-FBBA-461D-82AC-D179653DBDAE}.Release|x64.ActiveCfg = Release|Any CPU
		{9AFD6091-FBBA-461D-82AC-D179653DBDAE}.Release|x64.Build.0 = Release|Any CPU
		{9AFD6091-FBBA-461D-82AC-D179653DBDAE}.Release|x86.ActiveCfg = Release|Any CPU
		{9AFD6091-FBBA-461D-82AC-D179653DBDAE}.Release|x86.Build.0 = Release|Any CPU
		{B8E6BA77-56C1-4640-9910-90521FF29837}.Debug|Any CPU.ActiveCfg = Debug|Any CPU
		{B8E6BA77-56C1-4640-9910-90521FF29837}.Debug|Any CPU.Build.0 = Debug|Any CPU
		{B8E6BA77-56C1-4640-9910-90521FF29837}.Debug|x64.ActiveCfg = Debug|Any CPU
		{B8E6BA77-56C1-4640-9910-90521FF29837}.Debug|x64.Build.0 = Debug|Any CPU
		{B8E6BA77-56C1-4640-9910-90521FF29837}.Debug|x86.ActiveCfg = Debug|Any CPU
		{B8E6BA77-56C1-4640-9910-90521FF29837}.Debug|x86.Build.0 = Debug|Any CPU
		{B8E6BA77-56C1-4640-9910-90521FF29837}.Release|Any CPU.ActiveCfg = Release|Any CPU
		{B8E6BA77-56C1-4640-9910-90521FF29837}.Release|Any CPU.Build.0 = Release|Any CPU
		{B8E6BA77-56C1-4640-9910-90521FF29837}.Release|x64.ActiveCfg = Release|Any CPU
		{B8E6BA77-56C1-4640-9910-90521FF29837}.Release|x64.Build.0 = Release|Any CPU
		{B8E6BA77-56C1-4640-9910-90521FF29837}.Release|x86.ActiveCfg = Release|Any CPU
		{B8E6BA77-56C1-4640-9910-90521FF29837}.Release|x86.Build.0 = Release|Any CPU
		{04F8C1B5-6558-4081-8F43-A91C908FC1FD}.Debug|Any CPU.ActiveCfg = Debug|Any CPU
		{04F8C1B5-6558-4081-8F43-A91C908FC1FD}.Debug|Any CPU.Build.0 = Debug|Any CPU
		{04F8C1B5-6558-4081-8F43-A91C908FC1FD}.Debug|x64.ActiveCfg = Debug|Any CPU
		{04F8C1B5-6558-4081-8F43-A91C908FC1FD}.Debug|x64.Build.0 = Debug|Any CPU
		{04F8C1B5-6558-4081-8F43-A91C908FC1FD}.Debug|x86.ActiveCfg = Debug|Any CPU
		{04F8C1B5-6558-4081-8F43-A91C908FC1FD}.Debug|x86.Build.0 = Debug|Any CPU
		{04F8C1B5-6558-4081-8F43-A91C908FC1FD}.Release|Any CPU.ActiveCfg = Release|Any CPU
		{04F8C1B5-6558-4081-8F43-A91C908FC1FD}.Release|Any CPU.Build.0 = Release|Any CPU
		{04F8C1B5-6558-4081-8F43-A91C908FC1FD}.Release|x64.ActiveCfg = Release|Any CPU
		{04F8C1B5-6558-4081-8F43-A91C908FC1FD}.Release|x64.Build.0 = Release|Any CPU
		{04F8C1B5-6558-4081-8F43-A91C908FC1FD}.Release|x86.ActiveCfg = Release|Any CPU
		{04F8C1B5-6558-4081-8F43-A91C908FC1FD}.Release|x86.Build.0 = Release|Any CPU
		{866A0794-9FE5-416F-889F-3EFE00B5E9D9}.Debug|Any CPU.ActiveCfg = Debug|Any CPU
		{866A0794-9FE5-416F-889F-3EFE00B5E9D9}.Debug|Any CPU.Build.0 = Debug|Any CPU
		{866A0794-9FE5-416F-889F-3EFE00B5E9D9}.Debug|x64.ActiveCfg = Debug|Any CPU
		{866A0794-9FE5-416F-889F-3EFE00B5E9D9}.Debug|x64.Build.0 = Debug|Any CPU
		{866A0794-9FE5-416F-889F-3EFE00B5E9D9}.Debug|x86.ActiveCfg = Debug|Any CPU
		{866A0794-9FE5-416F-889F-3EFE00B5E9D9}.Debug|x86.Build.0 = Debug|Any CPU
		{866A0794-9FE5-416F-889F-3EFE00B5E9D9}.Release|Any CPU.ActiveCfg = Release|Any CPU
		{866A0794-9FE5-416F-889F-3EFE00B5E9D9}.Release|Any CPU.Build.0 = Release|Any CPU
		{866A0794-9FE5-416F-889F-3EFE00B5E9D9}.Release|x64.ActiveCfg = Release|Any CPU
		{866A0794-9FE5-416F-889F-3EFE00B5E9D9}.Release|x64.Build.0 = Release|Any CPU
		{866A0794-9FE5-416F-889F-3EFE00B5E9D9}.Release|x86.ActiveCfg = Release|Any CPU
		{866A0794-9FE5-416F-889F-3EFE00B5E9D9}.Release|x86.Build.0 = Release|Any CPU
	EndGlobalSection
	GlobalSection(SolutionProperties) = preSolution
		HideSolutionNode = FALSE
	EndGlobalSection
	GlobalSection(NestedProjects) = preSolution
		{C8E42992-5E42-0C2B-DBFE-AA848D06431C} = {827E0CD3-B72D-47B6-A68D-7590B98EB39B}
		{79D72408-003F-4D41-A3D8-7625DEBCE42D} = {C8E42992-5E42-0C2B-DBFE-AA848D06431C}
		{A42421DF-83F2-EC56-5368-8ED134CB703A} = {827E0CD3-B72D-47B6-A68D-7590B98EB39B}
		{45C7E923-D0E2-4B01-A1BA-0EA92F5C6D08} = {A42421DF-83F2-EC56-5368-8ED134CB703A}
		{EC447DCF-ABFA-6E24-52A5-D7FD48A5C558} = {827E0CD3-B72D-47B6-A68D-7590B98EB39B}
		{4597C882-E398-4F07-A3B0-9479769B18C6} = {EC447DCF-ABFA-6E24-52A5-D7FD48A5C558}
		{B1B8C20E-948C-4A34-BF85-BD50AA6D9697} = {EC447DCF-ABFA-6E24-52A5-D7FD48A5C558}
		{C6403A89-1BDC-4B40-AECF-098B6DE75C50} = {EC447DCF-ABFA-6E24-52A5-D7FD48A5C558}
		{ECBF6906-1AAD-46FA-8705-808AB026C525} = {EC447DCF-ABFA-6E24-52A5-D7FD48A5C558}
		{64C16C52-6927-47E0-8FAA-B6FAF058FA9B} = {EC447DCF-ABFA-6E24-52A5-D7FD48A5C558}
		{9AFD6091-FBBA-461D-82AC-D179653DBDAE} = {EC447DCF-ABFA-6E24-52A5-D7FD48A5C558}
		{B8E6BA77-56C1-4640-9910-90521FF29837} = {EC447DCF-ABFA-6E24-52A5-D7FD48A5C558}
		{04F8C1B5-6558-4081-8F43-A91C908FC1FD} = {EC447DCF-ABFA-6E24-52A5-D7FD48A5C558}
		{866A0794-9FE5-416F-889F-3EFE00B5E9D9} = {EC447DCF-ABFA-6E24-52A5-D7FD48A5C558}
	EndGlobalSection
EndGlobal
